<Solution>
  <Folder Name="/src/">
    <Project Path="src/RoslynCli/RoslynCli.csproj" />
  </Folder>
  <Folder Name="/samples/">
    <Project Path="samples/SkillFixture/src/SkillFixture/SkillFixture.csproj" />
  </Folder>
  <Folder Name="/tests/">
    <Project Path="tests/RoslynCli.Tests/RoslynCli.Tests.csproj" />
  </Folder>
</Solution>
